
Microsoft Visual Studio Solution File, Format Version 12.00
# Visual Studio Version 16
VisualStudioVersion = 16.0.31005.135
MinimumVisualStudioVersion = 10.0.40219.1
Project("{9A19103F-16F7-4668-BE54-9A1E7A4F7556}") = "DataAccess", "DataAcces\DataAccess.csproj", "{3A87C4E6-DAAA-4A48-95CC-D7572C5A0882}"
EndProject
Project("{9A19103F-16F7-4668-BE54-9A1E7A4F7556}") = "Business", "Business\Business.csproj", "{02C55741-5CA9-44C4-BE14-8AD0141DB5DF}"
EndProject
Project("{9A19103F-16F7-4668-BE54-9A1E7A4F7556}") = "Entities", "Entities\Entities.csproj", "{95CE62FD-38A7-405E-93B8-925D535F3469}"
EndProject
Project("{9A19103F-16F7-4668-BE54-9A1E7A4F7556}") = "ConsoleUI", "ConsoleUI\ConsoleUI.csproj", "{1BDA154E-7DC4-4CBB-949F-9251C1595E2E}"
EndProject
Project("{9A19103F-16F7-4668-BE54-9A1E7A4F7556}") = "Core", "Core\Core.csproj", "{988AFE03-EC28-4284-9601-3B33859459BB}"
EndProject
Project("{FAE04EC0-301F-11D3-BF4B-00C04F79EFBC}") = "WebAPI", "WebAPI\WebAPI.csproj", "{21D9272D-83AD-45CC-8A8C-C65A73185896}"
EndProject
Global
	GlobalSection(SolutionConfigurationPlatforms) = preSolution
		Debug|Any CPU = Debug|Any CPU
		Release|Any CPU = Release|Any CPU
	EndGlobalSection
	GlobalSection(ProjectConfigurationPlatforms) = postSolution
		{3A87C4E6-DAAA-4A48-95CC-D7572C5A0882}.Debug|Any CPU.ActiveCfg = Debug|Any CPU
		{3A87C4E6-DAAA-4A48-95CC-D7572C5A0882}.Debug|Any CPU.Build.0 = Debug|Any CPU
		{3A87C4E6-DAAA-4A48-95CC-D7572C5A0882}.Release|Any CPU.ActiveCfg = Release|Any CPU
		{3A87C4E6-DAAA-4A48-95CC-D7572C5A0882}.Release|Any CPU.Build.0 = Release|Any CPU
		{02C55741-5CA9-44C4-BE14-8AD0141DB5DF}.Debug|Any CPU.ActiveCfg = Debug|Any CPU
		{02C55741-5CA9-44C4-BE14-8AD0141DB5DF}.Debug|Any CPU.Build.0 = Debug|Any CPU
		{02C55741-5CA9-44C4-BE14-8AD0141DB5DF}.Release|Any CPU.ActiveCfg = Release|Any CPU
		{02C55741-5CA9-44C4-BE14-8AD0141DB5DF}.Release|Any CPU.Build.0 = Release|Any CPU
		{95CE62FD-38A7-405E-93B8-925D535F3469}.Debug|Any CPU.ActiveCfg = Debug|Any CPU
		{95CE62FD-38A7-405E-93B8-925D535F3469}.Debug|Any CPU.Build.0 = Debug|Any CPU
		{95CE62FD-38A7-405E-93B8-925D535F3469}.Release|Any CPU.ActiveCfg = Release|Any CPU
		{95CE62FD-38A7-405E-93B8-925D535F3469}.Release|Any CPU.Build.0 = Release|Any CPU
		{1BDA154E-7DC4-4CBB-949F-9251C1595E2E}.Debug|Any CPU.ActiveCfg = Debug|Any CPU
		{1BDA154E-7DC4-4CBB-949F-9251C1595E2E}.Debug|Any CPU.Build.0 = Debug|Any CPU
		{1BDA154E-7DC4-4CBB-949F-9251C1595E2E}.Release|Any CPU.ActiveCfg = Release|Any CPU
		{1BDA154E-7DC4-4CBB-949F-9251C1595E2E}.Release|Any CPU.Build.0 = Release|Any CPU
		{988AFE03-EC28-4284-9601-3B33859459BB}.Debug|Any CPU.ActiveCfg = Debug|Any CPU
		{988AFE03-EC28-4284-9601-3B33859459BB}.Debug|Any CPU.Build.0 = Debug|Any CPU
		{988AFE03-EC28-4284-9601-3B33859459BB}.Release|Any CPU.ActiveCfg = Release|Any CPU
		{988AFE03-EC28-4284-9601-3B33859459BB}.Release|Any CPU.Build.0 = Release|Any CPU
		{21D9272D-83AD-45CC-8A8C-C65A73185896}.Debug|Any CPU.ActiveCfg = Debug|Any CPU
		{21D9272D-83AD-45CC-8A8C-C65A73185896}.Debug|Any CPU.Build.0 = Debug|Any CPU
		{21D9272D-83AD-45CC-8A8C-C65A73185896}.Release|Any CPU.ActiveCfg = Release|Any CPU
		{21D9272D-83AD-45CC-8A8C-C65A73185896}.Release|Any CPU.Build.0 = Release|Any CPU
	EndGlobalSection
	GlobalSection(SolutionProperties) = preSolution
		HideSolutionNode = FALSE
	EndGlobalSection
	GlobalSection(ExtensibilityGlobals) = postSolution
		SolutionGuid = {A76878D1-F2BD-477E-B440-10DAE99B9C30}
	EndGlobalSection
EndGlobal
